
Microsoft Visual Studio Solution File, Format Version 11.00
# Visual Studio 2010
Project("{FAE04EC0-301F-11D3-BF4B-00C04F79EFBC}") = "Lutea", "Lutea\Lutea.csproj", "{902630ED-15F9-4EB4-B30D-CDACD926C630}"
EndProject
Project("{FAE04EC0-301F-11D3-BF4B-00C04F79EFBC}") = "SampleComponent1", "ClassLibrary1\SampleComponent1.csproj", "{7D0F3301-CDA1-49DD-8284-D17271FF45A1}"
EndProject
Project("{FAE04EC0-301F-11D3-BF4B-00C04F79EFBC}") = "DefaultUI", "DefaultUI\DefaultUI.csproj", "{DD79072E-827B-4600-94CC-BCE1670CCC36}"
EndProject
Project("{FAE04EC0-301F-11D3-BF4B-00C04F79EFBC}") = "HTTPController", "HTTPController\HTTPController.csproj", "{B83ADC03-EC56-4E3A-AEFC-660ACAE1BBDD}"
EndProject
Global
	GlobalSection(SubversionScc) = preSolution
		Svn-Managed = True
		Manager = AnkhSVN - Subversion Support for Visual Studio
	EndGlobalSection
	GlobalSection(SolutionConfigurationPlatforms) = preSolution
		Debug|Any CPU = Debug|Any CPU
		Debug|Mixed Platforms = Debug|Mixed Platforms
		Debug|x86 = Debug|x86
		Release|Any CPU = Release|Any CPU
		Release|Mixed Platforms = Release|Mixed Platforms
		Release|x86 = Release|x86
	EndGlobalSection
	GlobalSection(ProjectConfigurationPlatforms) = postSolution
		{902630ED-15F9-4EB4-B30D-CDACD926C630}.Debug|Any CPU.ActiveCfg = Debug|Any CPU
		{902630ED-15F9-4EB4-B30D-CDACD926C630}.Debug|Any CPU.Build.0 = Debug|Any CPU
		{902630ED-15F9-4EB4-B30D-CDACD926C630}.Debug|Mixed Platforms.ActiveCfg = Debug|x86
		{902630ED-15F9-4EB4-B30D-CDACD926C630}.Debug|Mixed Platforms.Build.0 = Debug|x86
		{902630ED-15F9-4EB4-B30D-CDACD926C630}.Debug|x86.ActiveCfg = Debug|x86
		{902630ED-15F9-4EB4-B30D-CDACD926C630}.Debug|x86.Build.0 = Debug|x86
		{902630ED-15F9-4EB4-B30D-CDACD926C630}.Release|Any CPU.ActiveCfg = Release|Any CPU
		{902630ED-15F9-4EB4-B30D-CDACD926C630}.Release|Any CPU.Build.0 = Release|Any CPU
		{902630ED-15F9-4EB4-B30D-CDACD926C630}.Release|Mixed Platforms.ActiveCfg = Release|x86
		{902630ED-15F9-4EB4-B30D-CDACD926C630}.Release|Mixed Platforms.Build.0 = Release|x86
		{902630ED-15F9-4EB4-B30D-CDACD926C630}.Release|x86.ActiveCfg = Release|x86
		{902630ED-15F9-4EB4-B30D-CDACD926C630}.Release|x86.Build.0 = Release|x86
		{7D0F3301-CDA1-49DD-8284-D17271FF45A1}.Debug|Any CPU.ActiveCfg = Debug|Any CPU
		{7D0F3301-CDA1-49DD-8284-D17271FF45A1}.Debug|Any CPU.Build.0 = Debug|Any CPU
		{7D0F3301-CDA1-49DD-8284-D17271FF45A1}.Debug|Mixed Platforms.ActiveCfg = Debug|Any CPU
		{7D0F3301-CDA1-49DD-8284-D17271FF45A1}.Debug|Mixed Platforms.Build.0 = Debug|Any CPU
		{7D0F3301-CDA1-49DD-8284-D17271FF45A1}.Debug|x86.ActiveCfg = Debug|Any CPU
		{7D0F3301-CDA1-49DD-8284-D17271FF45A1}.Release|Any CPU.ActiveCfg = Release|Any CPU
		{7D0F3301-CDA1-49DD-8284-D17271FF45A1}.Release|Any CPU.Build.0 = Release|Any CPU
		{7D0F3301-CDA1-49DD-8284-D17271FF45A1}.Release|Mixed Platforms.ActiveCfg = Release|Any CPU
		{7D0F3301-CDA1-49DD-8284-D17271FF45A1}.Release|Mixed Platforms.Build.0 = Release|Any CPU
		{7D0F3301-CDA1-49DD-8284-D17271FF45A1}.Release|x86.ActiveCfg = Release|Any CPU
		{DD79072E-827B-4600-94CC-BCE1670CCC36}.Debug|Any CPU.ActiveCfg = Debug|x86
		{DD79072E-827B-4600-94CC-BCE1670CCC36}.Debug|Mixed Platforms.ActiveCfg = Debug|x86
		{DD79072E-827B-4600-94CC-BCE1670CCC36}.Debug|Mixed Platforms.Build.0 = Debug|x86
		{DD79072E-827B-4600-94CC-BCE1670CCC36}.Debug|x86.ActiveCfg = Debug|x86
		{DD79072E-827B-4600-94CC-BCE1670CCC36}.Debug|x86.Build.0 = Debug|x86
		{DD79072E-827B-4600-94CC-BCE1670CCC36}.Release|Any CPU.ActiveCfg = Release|x86
		{DD79072E-827B-4600-94CC-BCE1670CCC36}.Release|Mixed Platforms.ActiveCfg = Release|x86
		{DD79072E-827B-4600-94CC-BCE1670CCC36}.Release|Mixed Platforms.Build.0 = Release|x86
		{DD79072E-827B-4600-94CC-BCE1670CCC36}.Release|x86.ActiveCfg = Release|x86
		{DD79072E-827B-4600-94CC-BCE1670CCC36}.Release|x86.Build.0 = Release|x86
		{B83ADC03-EC56-4E3A-AEFC-660ACAE1BBDD}.Debug|Any CPU.ActiveCfg = Debug|Any CPU
		{B83ADC03-EC56-4E3A-AEFC-660ACAE1BBDD}.Debug|Any CPU.Build.0 = Debug|Any CPU
		{B83ADC03-EC56-4E3A-AEFC-660ACAE1BBDD}.Debug|Mixed Platforms.ActiveCfg = Debug|Any CPU
		{B83ADC03-EC56-4E3A-AEFC-660ACAE1BBDD}.Debug|Mixed Platforms.Build.0 = Debug|Any CPU
		{B83ADC03-EC56-4E3A-AEFC-660ACAE1BBDD}.Debug|x86.ActiveCfg = Debug|Any CPU
		{B83ADC03-EC56-4E3A-AEFC-660ACAE1BBDD}.Release|Any CPU.ActiveCfg = Release|Any CPU
		{B83ADC03-EC56-4E3A-AEFC-660ACAE1BBDD}.Release|Any CPU.Build.0 = Release|Any CPU
		{B83ADC03-EC56-4E3A-AEFC-660ACAE1BBDD}.Release|Mixed Platforms.ActiveCfg = Release|Any CPU
		{B83ADC03-EC56-4E3A-AEFC-660ACAE1BBDD}.Release|Mixed Platforms.Build.0 = Release|Any CPU
		{B83ADC03-EC56-4E3A-AEFC-660ACAE1BBDD}.Release|x86.ActiveCfg = Release|Any CPU
	EndGlobalSection
	GlobalSection(SolutionProperties) = preSolution
		HideSolutionNode = FALSE
	EndGlobalSection
EndGlobal
